
Microsoft Visual Studio Solution File, Format Version 12.00
# Visual Studio 15
VisualStudioVersion = 15.0.28010.2050
MinimumVisualStudioVersion = 10.0.40219.1
Project("{FAE04EC0-301F-11D3-BF4B-00C04F79EFBC}") = "Autenticacao", "Autenticacao\Autenticacao.csproj", "{BA9CD708-26CD-4D19-A7D7-90B861CAF3D2}"
EndProject
Global
	GlobalSection(SolutionConfigurationPlatforms) = preSolution
		Debug|Any CPU = Debug|Any CPU
		Release|Any CPU = Release|Any CPU
	EndGlobalSection
	GlobalSection(ProjectConfigurationPlatforms) = postSolution
		{BA9CD708-26CD-4D19-A7D7-90B861CAF3D2}.Debug|Any CPU.ActiveCfg = Debug|Any CPU
		{BA9CD708-26CD-4D19-A7D7-90B861CAF3D2}.Debug|Any CPU.Build.0 = Debug|Any CPU
		{BA9CD708-26CD-4D19-A7D7-90B861CAF3D2}.Release|Any CPU.ActiveCfg = Release|Any CPU
		{BA9CD708-26CD-4D19-A7D7-90B861CAF3D2}.Release|Any CPU.Build.0 = Release|Any CPU
	EndGlobalSection
	GlobalSection(SolutionProperties) = preSolution
		HideSolutionNode = FALSE
	EndGlobalSection
	GlobalSection(ExtensibilityGlobals) = postSolution
		SolutionGuid = {18228464-D1D0-4F93-9FC3-C4EE1C1E2144}
	EndGlobalSection
EndGlobal
